// !$*UTF8*$!
{
	archiveVersion = 1;
	classes = {
	};
	objectVersion = 50;
	objects = {

/* Begin PBXBuildFile section */
		3C0DDFB09936138C9F01F83F /* Pods_TestApp.framework in Frameworks */ = {isa = PBXBuildFile; fileRef = 781F39B585897A7E8ED79A28 /* Pods_TestApp.framework */; };
		991C12C220BE9BD8005C2B26 /* SF-Pro-Text-Regular.otf in Resources */ = {isa = PBXBuildFile; fileRef = 991C12C120BE9BD8005C2B26 /* SF-Pro-Text-Regular.otf */; };
		991C12C320BE9BD8005C2B26 /* SF-Pro-Text-Regular.otf in Resources */ = {isa = PBXBuildFile; fileRef = 991C12C120BE9BD8005C2B26 /* SF-Pro-Text-Regular.otf */; };
		991C12C420BE9BD8005C2B26 /* SF-Pro-Text-Regular.otf in Resources */ = {isa = PBXBuildFile; fileRef = 991C12C120BE9BD8005C2B26 /* SF-Pro-Text-Regular.otf */; };
		991C12C620BE9C07005C2B26 /* SF-Pro-Text-Medium.otf in Resources */ = {isa = PBXBuildFile; fileRef = 991C12C520BE9C07005C2B26 /* SF-Pro-Text-Medium.otf */; };
		991C12C720BE9C07005C2B26 /* SF-Pro-Text-Medium.otf in Resources */ = {isa = PBXBuildFile; fileRef = 991C12C520BE9C07005C2B26 /* SF-Pro-Text-Medium.otf */; };
		991C12C820BE9C07005C2B26 /* SF-Pro-Text-Medium.otf in Resources */ = {isa = PBXBuildFile; fileRef = 991C12C520BE9C07005C2B26 /* SF-Pro-Text-Medium.otf */; };
		9950972720B5822000850B7C /* AppDelegate.swift in Sources */ = {isa = PBXBuildFile; fileRef = 9950972620B5822000850B7C /* AppDelegate.swift */; };
		9950972920B5822000850B7C /* ListViewController.swift in Sources */ = {isa = PBXBuildFile; fileRef = 9950972820B5822000850B7C /* ListViewController.swift */; };
		9950972C20B5822000850B7C /* Main.storyboard in Resources */ = {isa = PBXBuildFile; fileRef = 9950972A20B5822000850B7C /* Main.storyboard */; };
		9950973120B5822300850B7C /* LaunchScreen.storyboard in Resources */ = {isa = PBXBuildFile; fileRef = 9950972F20B5822300850B7C /* LaunchScreen.storyboard */; };
		9950973C20B5822300850B7C /* TestAppTests.swift in Sources */ = {isa = PBXBuildFile; fileRef = 9950973B20B5822300850B7C /* TestAppTests.swift */; };
		9950974720B5822300850B7C /* TestAppUITests.swift in Sources */ = {isa = PBXBuildFile; fileRef = 9950974620B5822300850B7C /* TestAppUITests.swift */; };
		99921F6120B5F58200EB1837 /* RepoTableViewCell.swift in Sources */ = {isa = PBXBuildFile; fileRef = 99921F6020B5F58200EB1837 /* RepoTableViewCell.swift */; };
		99FC22B620B7086E007C3FF0 /* Repo.swift in Sources */ = {isa = PBXBuildFile; fileRef = 99FC22B520B7086E007C3FF0 /* Repo.swift */; };
		99FD4E6F20B9BB770073190D /* RepoList.swift in Sources */ = {isa = PBXBuildFile; fileRef = 99FD4E6E20B9BB770073190D /* RepoList.swift */; };
		99FF429720B75EFF00795B0B /* DetailViewController.swift in Sources */ = {isa = PBXBuildFile; fileRef = 99FF429620B75EFF00795B0B /* DetailViewController.swift */; };
		99FF429920B7617000795B0B /* Assets.xcassets in Resources */ = {isa = PBXBuildFile; fileRef = 99FF429820B7617000795B0B /* Assets.xcassets */; };
/* End PBXBuildFile section */

/* Begin PBXContainerItemProxy section */
		9950973820B5822300850B7C /* PBXContainerItemProxy */ = {
			isa = PBXContainerItemProxy;
			containerPortal = 9950971B20B5822000850B7C /* Project object */;
			proxyType = 1;
			remoteGlobalIDString = 9950972220B5822000850B7C;
			remoteInfo = TestApp;
		};
		9950974320B5822300850B7C /* PBXContainerItemProxy */ = {
			isa = PBXContainerItemProxy;
			containerPortal = 9950971B20B5822000850B7C /* Project object */;
			proxyType = 1;
			remoteGlobalIDString = 9950972220B5822000850B7C;
			remoteInfo = TestApp;
		};
/* End PBXContainerItemProxy section */

/* Begin PBXFileReference section */
		781F39B585897A7E8ED79A28 /* Pods_TestApp.framework */ = {isa = PBXFileReference; explicitFileType = wrapper.framework; includeInIndex = 0; path = Pods_TestApp.framework; sourceTree = BUILT_PRODUCTS_DIR; };
		7939DD5101B353585CFB0898 /* Pods-TestApp.release.xcconfig */ = {isa = PBXFileReference; includeInIndex = 1; lastKnownFileType = text.xcconfig; name = "Pods-TestApp.release.xcconfig"; path = "Pods/Target Support Files/Pods-TestApp/Pods-TestApp.release.xcconfig"; sourceTree = "<group>"; };
		991C12C120BE9BD8005C2B26 /* SF-Pro-Text-Regular.otf */ = {isa = PBXFileReference; lastKnownFileType = file; path = "SF-Pro-Text-Regular.otf"; sourceTree = "<group>"; };
		991C12C520BE9C07005C2B26 /* SF-Pro-Text-Medium.otf */ = {isa = PBXFileReference; lastKnownFileType = file; path = "SF-Pro-Text-Medium.otf"; sourceTree = "<group>"; };
		9950972320B5822000850B7C /* TestApp.app */ = {isa = PBXFileReference; explicitFileType = wrapper.application; includeInIndex = 0; path = TestApp.app; sourceTree = BUILT_PRODUCTS_DIR; };
		9950972620B5822000850B7C /* AppDelegate.swift */ = {isa = PBXFileReference; lastKnownFileType = sourcecode.swift; path = AppDelegate.swift; sourceTree = "<group>"; };
		9950972820B5822000850B7C /* ListViewController.swift */ = {isa = PBXFileReference; lastKnownFileType = sourcecode.swift; path = ListViewController.swift; sourceTree = "<group>"; };
		9950972B20B5822000850B7C /* Base */ = {isa = PBXFileReference; lastKnownFileType = file.storyboard; name = Base; path = Base.lproj/Main.storyboard; sourceTree = "<group>"; };
		9950973020B5822300850B7C /* Base */ = {isa = PBXFileReference; lastKnownFileType = file.storyboard; name = Base; path = Base.lproj/LaunchScreen.storyboard; sourceTree = "<group>"; };
		9950973220B5822300850B7C /* Info.plist */ = {isa = PBXFileReference; lastKnownFileType = text.plist.xml; path = Info.plist; sourceTree = "<group>"; };
		9950973720B5822300850B7C /* TestAppTests.xctest */ = {isa = PBXFileReference; explicitFileType = wrapper.cfbundle; includeInIndex = 0; path = TestAppTests.xctest; sourceTree = BUILT_PRODUCTS_DIR; };
		9950973B20B5822300850B7C /* TestAppTests.swift */ = {isa = PBXFileReference; lastKnownFileType = sourcecode.swift; path = TestAppTests.swift; sourceTree = "<group>"; };
		9950973D20B5822300850B7C /* Info.plist */ = {isa = PBXFileReference; lastKnownFileType = text.plist.xml; path = Info.plist; sourceTree = "<group>"; };
		9950974220B5822300850B7C /* TestAppUITests.xctest */ = {isa = PBXFileReference; explicitFileType = wrapper.cfbundle; includeInIndex = 0; path = TestAppUITests.xctest; sourceTree = BUILT_PRODUCTS_DIR; };
		9950974620B5822300850B7C /* TestAppUITests.swift */ = {isa = PBXFileReference; lastKnownFileType = sourcecode.swift; path = TestAppUITests.swift; sourceTree = "<group>"; };
		9950974820B5822300850B7C /* Info.plist */ = {isa = PBXFileReference; lastKnownFileType = text.plist.xml; path = Info.plist; sourceTree = "<group>"; };
		99921F6020B5F58200EB1837 /* RepoTableViewCell.swift */ = {isa = PBXFileReference; lastKnownFileType = sourcecode.swift; path = RepoTableViewCell.swift; sourceTree = "<group>"; };
		99FC22B520B7086E007C3FF0 /* Repo.swift */ = {isa = PBXFileReference; lastKnownFileType = sourcecode.swift; path = Repo.swift; sourceTree = "<group>"; };
		99FD4E6E20B9BB770073190D /* RepoList.swift */ = {isa = PBXFileReference; lastKnownFileType = sourcecode.swift; path = RepoList.swift; sourceTree = "<group>"; };
		99FF429620B75EFF00795B0B /* DetailViewController.swift */ = {isa = PBXFileReference; lastKnownFileType = sourcecode.swift; path = DetailViewController.swift; sourceTree = "<group>"; };
		99FF429820B7617000795B0B /* Assets.xcassets */ = {isa = PBXFileReference; lastKnownFileType = folder.assetcatalog; path = Assets.xcassets; sourceTree = "<group>"; };
		9FC06F79C5293EE1427F9136 /* Pods-TestApp.debug.xcconfig */ = {isa = PBXFileReference; includeInIndex = 1; lastKnownFileType = text.xcconfig; name = "Pods-TestApp.debug.xcconfig"; path = "Pods/Target Support Files/Pods-TestApp/Pods-TestApp.debug.xcconfig"; sourceTree = "<group>"; };
/* End PBXFileReference section */

/* Begin PBXFrameworksBuildPhase section */
		9950972020B5822000850B7C /* Frameworks */ = {
			isa = PBXFrameworksBuildPhase;
			buildActionMask = 2147483647;
			files = (
				3C0DDFB09936138C9F01F83F /* Pods_TestApp.framework in Frameworks */,
			);
			runOnlyForDeploymentPostprocessing = 0;
		};
		9950973420B5822300850B7C /* Frameworks */ = {
			isa = PBXFrameworksBuildPhase;
			buildActionMask = 2147483647;
			files = (
			);
			runOnlyForDeploymentPostprocessing = 0;
		};
		9950973F20B5822300850B7C /* Frameworks */ = {
			isa = PBXFrameworksBuildPhase;
			buildActionMask = 2147483647;
			files = (
			);
			runOnlyForDeploymentPostprocessing = 0;
		};
/* End PBXFrameworksBuildPhase section */

/* Begin PBXGroup section */
		1E63DA6211C085C2377B1296 /* Pods */ = {
			isa = PBXGroup;
			children = (
				9FC06F79C5293EE1427F9136 /* Pods-TestApp.debug.xcconfig */,
				7939DD5101B353585CFB0898 /* Pods-TestApp.release.xcconfig */,
			);
			name = Pods;
			sourceTree = "<group>";
		};
		86E4900E4BC07430E5AFD4A0 /* Frameworks */ = {
			isa = PBXGroup;
			children = (
				781F39B585897A7E8ED79A28 /* Pods_TestApp.framework */,
			);
			name = Frameworks;
			sourceTree = "<group>";
		};
		9950971A20B5822000850B7C = {
			isa = PBXGroup;
			children = (
				9950972520B5822000850B7C /* TestApp */,
				9950973A20B5822300850B7C /* TestAppTests */,
				9950974520B5822300850B7C /* TestAppUITests */,
				9950972420B5822000850B7C /* Products */,
				1E63DA6211C085C2377B1296 /* Pods */,
				86E4900E4BC07430E5AFD4A0 /* Frameworks */,
			);
			sourceTree = "<group>";
		};
		9950972420B5822000850B7C /* Products */ = {
			isa = PBXGroup;
			children = (
				9950972320B5822000850B7C /* TestApp.app */,
				9950973720B5822300850B7C /* TestAppTests.xctest */,
				9950974220B5822300850B7C /* TestAppUITests.xctest */,
			);
			name = Products;
			sourceTree = "<group>";
		};
		9950972520B5822000850B7C /* TestApp */ = {
			isa = PBXGroup;
			children = (
				9950972620B5822000850B7C /* AppDelegate.swift */,
				9950973220B5822300850B7C /* Info.plist */,
				99FADC8920B747B900CCA851 /* UI */,
				9950975E20B585D000850B7C /* Model */,
				9950975420B584EE00850B7C /* Resources */,
			);
			path = TestApp;
			sourceTree = "<group>";
		};
		9950973A20B5822300850B7C /* TestAppTests */ = {
			isa = PBXGroup;
			children = (
				9950973B20B5822300850B7C /* TestAppTests.swift */,
				9950973D20B5822300850B7C /* Info.plist */,
			);
			path = TestAppTests;
			sourceTree = "<group>";
		};
		9950974520B5822300850B7C /* TestAppUITests */ = {
			isa = PBXGroup;
			children = (
				9950974620B5822300850B7C /* TestAppUITests.swift */,
				9950974820B5822300850B7C /* Info.plist */,
			);
			path = TestAppUITests;
			sourceTree = "<group>";
		};
		9950975420B584EE00850B7C /* Resources */ = {
			isa = PBXGroup;
			children = (
				9950975520B5852A00850B7C /* Fonts */,
				9950972F20B5822300850B7C /* LaunchScreen.storyboard */,
				9950972A20B5822000850B7C /* Main.storyboard */,
				99FF429820B7617000795B0B /* Assets.xcassets */,
			);
			path = Resources;
			sourceTree = "<group>";
		};
		9950975520B5852A00850B7C /* Fonts */ = {
			isa = PBXGroup;
			children = (
				991C12C120BE9BD8005C2B26 /* SF-Pro-Text-Regular.otf */,
				991C12C520BE9C07005C2B26 /* SF-Pro-Text-Medium.otf */,
			);
			path = Fonts;
			sourceTree = "<group>";
		};
		9950975E20B585D000850B7C /* Model */ = {
			isa = PBXGroup;
			children = (
				99FC22B520B7086E007C3FF0 /* Repo.swift */,
				99FD4E6E20B9BB770073190D /* RepoList.swift */,
			);
			path = Model;
			sourceTree = "<group>";
		};
		9950975F20B585D900850B7C /* ViewController */ = {
			isa = PBXGroup;
			children = (
				9950972820B5822000850B7C /* ListViewController.swift */,
				99FF429620B75EFF00795B0B /* DetailViewController.swift */,
			);
			path = ViewController;
			sourceTree = "<group>";
		};
		99921F5F20B5F56200EB1837 /* View */ = {
			isa = PBXGroup;
			children = (
				99921F6020B5F58200EB1837 /* RepoTableViewCell.swift */,
			);
			path = View;
			sourceTree = "<group>";
		};
		99FADC8920B747B900CCA851 /* UI */ = {
			isa = PBXGroup;
			children = (
				99921F5F20B5F56200EB1837 /* View */,
				9950975F20B585D900850B7C /* ViewController */,
			);
			path = UI;
			sourceTree = "<group>";
		};
/* End PBXGroup section */

/* Begin PBXNativeTarget section */
		9950972220B5822000850B7C /* TestApp */ = {
			isa = PBXNativeTarget;
			buildConfigurationList = 9950974B20B5822300850B7C /* Build configuration list for PBXNativeTarget "TestApp" */;
			buildPhases = (
				9929E2241C6D5689C0B016C5 /* [CP] Check Pods Manifest.lock */,
				9950971F20B5822000850B7C /* Sources */,
				9950972020B5822000850B7C /* Frameworks */,
				9950972120B5822000850B7C /* Resources */,
			);
			buildRules = (
			);
			dependencies = (
			);
			name = TestApp;
			productName = TestApp;
			productReference = 9950972320B5822000850B7C /* TestApp.app */;
			productType = "com.apple.product-type.application";
		};
		9950973620B5822300850B7C /* TestAppTests */ = {
			isa = PBXNativeTarget;
			buildConfigurationList = 9950974E20B5822300850B7C /* Build configuration list for PBXNativeTarget "TestAppTests" */;
			buildPhases = (
				9950973320B5822300850B7C /* Sources */,
				9950973420B5822300850B7C /* Frameworks */,
				9950973520B5822300850B7C /* Resources */,
			);
			buildRules = (
			);
			dependencies = (
				9950973920B5822300850B7C /* PBXTargetDependency */,
			);
			name = TestAppTests;
			productName = TestAppTests;
			productReference = 9950973720B5822300850B7C /* TestAppTests.xctest */;
			productType = "com.apple.product-type.bundle.unit-test";
		};
		9950974120B5822300850B7C /* TestAppUITests */ = {
			isa = PBXNativeTarget;
			buildConfigurationList = 9950975120B5822300850B7C /* Build configuration list for PBXNativeTarget "TestAppUITests" */;
			buildPhases = (
				9950973E20B5822300850B7C /* Sources */,
				9950973F20B5822300850B7C /* Frameworks */,
				9950974020B5822300850B7C /* Resources */,
			);
			buildRules = (
			);
			dependencies = (
				9950974420B5822300850B7C /* PBXTargetDependency */,
			);
			name = TestAppUITests;
			productName = TestAppUITests;
			productReference = 9950974220B5822300850B7C /* TestAppUITests.xctest */;
			productType = "com.apple.product-type.bundle.ui-testing";
		};
/* End PBXNativeTarget section */

/* Begin PBXProject section */
		9950971B20B5822000850B7C /* Project object */ = {
			isa = PBXProject;
			attributes = {
				LastSwiftUpdateCheck = 0930;
				LastUpgradeCheck = 0930;
				ORGANIZATIONNAME = " Kostantin Zarubin";
				TargetAttributes = {
					9950972220B5822000850B7C = {
						CreatedOnToolsVersion = 9.3.1;
					};
					9950973620B5822300850B7C = {
						CreatedOnToolsVersion = 9.3.1;
						TestTargetID = 9950972220B5822000850B7C;
					};
					9950974120B5822300850B7C = {
						CreatedOnToolsVersion = 9.3.1;
						TestTargetID = 9950972220B5822000850B7C;
					};
				};
			};
			buildConfigurationList = 9950971E20B5822000850B7C /* Build configuration list for PBXProject "TestApp" */;
			compatibilityVersion = "Xcode 9.3";
			developmentRegion = en;
			hasScannedForEncodings = 0;
			knownRegions = (
				en,
				Base,
			);
			mainGroup = 9950971A20B5822000850B7C;
			productRefGroup = 9950972420B5822000850B7C /* Products */;
			projectDirPath = "";
			projectRoot = "";
			targets = (
				9950972220B5822000850B7C /* TestApp */,
				9950973620B5822300850B7C /* TestAppTests */,
				9950974120B5822300850B7C /* TestAppUITests */,
			);
		};
/* End PBXProject section */

/* Begin PBXResourcesBuildPhase section */
		9950972120B5822000850B7C /* Resources */ = {
			isa = PBXResourcesBuildPhase;
			buildActionMask = 2147483647;
			files = (
				9950973120B5822300850B7C /* LaunchScreen.storyboard in Resources */,
				9950972C20B5822000850B7C /* Main.storyboard in Resources */,
				991C12C220BE9BD8005C2B26 /* SF-Pro-Text-Regular.otf in Resources */,
				991C12C620BE9C07005C2B26 /* SF-Pro-Text-Medium.otf in Resources */,
				99FF429920B7617000795B0B /* Assets.xcassets in Resources */,
			);
			runOnlyForDeploymentPostprocessing = 0;
		};
		9950973520B5822300850B7C /* Resources */ = {
			isa = PBXResourcesBuildPhase;
			buildActionMask = 2147483647;
			files = (
				991C12C720BE9C07005C2B26 /* SF-Pro-Text-Medium.otf in Resources */,
				991C12C320BE9BD8005C2B26 /* SF-Pro-Text-Regular.otf in Resources */,
			);
			runOnlyForDeploymentPostprocessing = 0;
		};
		9950974020B5822300850B7C /* Resources */ = {
			isa = PBXResourcesBuildPhase;
			buildActionMask = 2147483647;
			files = (
				991C12C820BE9C07005C2B26 /* SF-Pro-Text-Medium.otf in Resources */,
				991C12C420BE9BD8005C2B26 /* SF-Pro-Text-Regular.otf in Resources */,
			);
			runOnlyForDeploymentPostprocessing = 0;
		};
/* End PBXResourcesBuildPhase section */

/* Begin PBXShellScriptBuildPhase section */
		9929E2241C6D5689C0B016C5 /* [CP] Check Pods Manifest.lock */ = {
			isa = PBXShellScriptBuildPhase;
			buildActionMask = 2147483647;
			files = (
			);
			inputPaths = (
				"${PODS_PODFILE_DIR_PATH}/Podfile.lock",
				"${PODS_ROOT}/Manifest.lock",
			);
			name = "[CP] Check Pods Manifest.lock";
			outputPaths = (
				"$(DERIVED_FILE_DIR)/Pods-TestApp-checkManifestLockResult.txt",
			);
			runOnlyForDeploymentPostprocessing = 0;
			shellPath = /bin/sh;
			shellScript = "diff \"${PODS_PODFILE_DIR_PATH}/Podfile.lock\" \"${PODS_ROOT}/Manifest.lock\" > /dev/null\nif [ $? != 0 ] ; then\n    # print error to STDERR\n    echo \"error: The sandbox is not in sync with the Podfile.lock. Run 'pod install' or update your CocoaPods installation.\" >&2\n    exit 1\nfi\n# This output is used by Xcode 'outputs' to avoid re-running this script phase.\necho \"SUCCESS\" > \"${SCRIPT_OUTPUT_FILE_0}\"\n";
			showEnvVarsInLog = 0;
		};
/* End PBXShellScriptBuildPhase section */

/* Begin PBXSourcesBuildPhase section */
		9950971F20B5822000850B7C /* Sources */ = {
			isa = PBXSourcesBuildPhase;
			buildActionMask = 2147483647;
			files = (
				99921F6120B5F58200EB1837 /* RepoTableViewCell.swift in Sources */,
				99FD4E6F20B9BB770073190D /* RepoList.swift in Sources */,
				9950972920B5822000850B7C /* ListViewController.swift in Sources */,
				99FF429720B75EFF00795B0B /* DetailViewController.swift in Sources */,
				99FC22B620B7086E007C3FF0 /* Repo.swift in Sources */,
				9950972720B5822000850B7C /* AppDelegate.swift in Sources */,
			);
			runOnlyForDeploymentPostprocessing = 0;
		};
		9950973320B5822300850B7C /* Sources */ = {
			isa = PBXSourcesBuildPhase;
			buildActionMask = 2147483647;
			files = (
				9950973C20B5822300850B7C /* TestAppTests.swift in Sources */,
			);
			runOnlyForDeploymentPostprocessing = 0;
		};
		9950973E20B5822300850B7C /* Sources */ = {
			isa = PBXSourcesBuildPhase;
			buildActionMask = 2147483647;
			files = (
				9950974720B5822300850B7C /* TestAppUITests.swift in Sources */,
			);
			runOnlyForDeploymentPostprocessing = 0;
		};
/* End PBXSourcesBuildPhase section */

/* Begin PBXTargetDependency section */
		9950973920B5822300850B7C /* PBXTargetDependency */ = {
			isa = PBXTargetDependency;
			target = 9950972220B5822000850B7C /* TestApp */;
			targetProxy = 9950973820B5822300850B7C /* PBXContainerItemProxy */;
		};
		9950974420B5822300850B7C /* PBXTargetDependency */ = {
			isa = PBXTargetDependency;
			target = 9950972220B5822000850B7C /* TestApp */;
			targetProxy = 9950974320B5822300850B7C /* PBXContainerItemProxy */;
		};
/* End PBXTargetDependency section */

/* Begin PBXVariantGroup section */
		9950972A20B5822000850B7C /* Main.storyboard */ = {
			isa = PBXVariantGroup;
			children = (
				9950972B20B5822000850B7C /* Base */,
			);
			name = Main.storyboard;
			sourceTree = "<group>";
		};
		9950972F20B5822300850B7C /* LaunchScreen.storyboard */ = {
			isa = PBXVariantGroup;
			children = (
				9950973020B5822300850B7C /* Base */,
			);
			name = LaunchScreen.storyboard;
			sourceTree = "<group>";
		};
/* End PBXVariantGroup section */

/* Begin XCBuildConfiguration section */
		9950974920B5822300850B7C /* Debug */ = {
			isa = XCBuildConfiguration;
			buildSettings = {
				ALWAYS_SEARCH_USER_PATHS = NO;
				CLANG_ANALYZER_NONNULL = YES;
				CLANG_ANALYZER_NUMBER_OBJECT_CONVERSION = YES_AGGRESSIVE;
				CLANG_CXX_LANGUAGE_STANDARD = "gnu++14";
				CLANG_CXX_LIBRARY = "libc++";
				CLANG_ENABLE_MODULES = YES;
				CLANG_ENABLE_OBJC_ARC = YES;
				CLANG_ENABLE_OBJC_WEAK = YES;
				CLANG_WARN_BLOCK_CAPTURE_AUTORELEASING = YES;
				CLANG_WARN_BOOL_CONVERSION = YES;
				CLANG_WARN_COMMA = YES;
				CLANG_WARN_CONSTANT_CONVERSION = YES;
				CLANG_WARN_DEPRECATED_OBJC_IMPLEMENTATIONS = YES;
				CLANG_WARN_DIRECT_OBJC_ISA_USAGE = YES_ERROR;
				CLANG_WARN_DOCUMENTATION_COMMENTS = YES;
				CLANG_WARN_EMPTY_BODY = YES;
				CLANG_WARN_ENUM_CONVERSION = YES;
				CLANG_WARN_INFINITE_RECURSION = YES;
				CLANG_WARN_INT_CONVERSION = YES;
				CLANG_WARN_NON_LITERAL_NULL_CONVERSION = YES;
				CLANG_WARN_OBJC_IMPLICIT_RETAIN_SELF = YES;
				CLANG_WARN_OBJC_LITERAL_CONVERSION = YES;
				CLANG_WARN_OBJC_ROOT_CLASS = YES_ERROR;
				CLANG_WARN_RANGE_LOOP_ANALYSIS = YES;
				CLANG_WARN_STRICT_PROTOTYPES = YES;
				CLANG_WARN_SUSPICIOUS_MOVE = YES;
				CLANG_WARN_UNGUARDED_AVAILABILITY = YES_AGGRESSIVE;
				CLANG_WARN_UNREACHABLE_CODE = YES;
				CLANG_WARN__DUPLICATE_METHOD_MATCH = YES;
				CODE_SIGN_IDENTITY = "iPhone Developer";
				COPY_PHASE_STRIP = NO;
				DEBUG_INFORMATION_FORMAT = dwarf;
				ENABLE_STRICT_OBJC_MSGSEND = YES;
				ENABLE_TESTABILITY = YES;
				GCC_C_LANGUAGE_STANDARD = gnu11;
				GCC_DYNAMIC_NO_PIC = NO;
				GCC_NO_COMMON_BLOCKS = YES;
				GCC_OPTIMIZATION_LEVEL = 0;
				GCC_PREPROCESSOR_DEFINITIONS = (
					"DEBUG=1",
					"$(inherited)",
				);
				GCC_WARN_64_TO_32_BIT_CONVERSION = YES;
				GCC_WARN_ABOUT_RETURN_TYPE = YES_ERROR;
				GCC_WARN_UNDECLARED_SELECTOR = YES;
				GCC_WARN_UNINITIALIZED_AUTOS = YES_AGGRESSIVE;
				GCC_WARN_UNUSED_FUNCTION = YES;
				GCC_WARN_UNUSED_VARIABLE = YES;
				IPHONEOS_DEPLOYMENT_TARGET = 11.3;
				MTL_ENABLE_DEBUG_INFO = YES;
				ONLY_ACTIVE_ARCH = YES;
				SDKROOT = iphoneos;
				SWIFT_ACTIVE_COMPILATION_CONDITIONS = DEBUG;
				SWIFT_OPTIMIZATION_LEVEL = "-Onone";
			};
			name = Debug;
		};
		9950974A20B5822300850B7C /* Release */ = {
			isa = XCBuildConfiguration;
			buildSettings = {
				ALWAYS_SEARCH_USER_PATHS = NO;
				CLANG_ANALYZER_NONNULL = YES;
				CLANG_ANALYZER_NUMBER_OBJECT_CONVERSION = YES_AGGRESSIVE;
				CLANG_CXX_LANGUAGE_STANDARD = "gnu++14";
				CLANG_CXX_LIBRARY = "libc++";
				CLANG_ENABLE_MODULES = YES;
				CLANG_ENABLE_OBJC_ARC = YES;
				CLANG_ENABLE_OBJC_WEAK = YES;
				CLANG_WARN_BLOCK_CAPTURE_AUTORELEASING = YES;
				CLANG_WARN_BOOL_CONVERSION = YES;
				CLANG_WARN_COMMA = YES;
				CLANG_WARN_CONSTANT_CONVERSION = YES;
				CLANG_WARN_DEPRECATED_OBJC_IMPLEMENTATIONS = YES;
				CLANG_WARN_DIRECT_OBJC_ISA_USAGE = YES_ERROR;
				CLANG_WARN_DOCUMENTATION_COMMENTS = YES;
				CLANG_WARN_EMPTY_BODY = YES;
				CLANG_WARN_ENUM_CONVERSION = YES;
				CLANG_WARN_INFINITE_RECURSION = YES;
				CLANG_WARN_INT_CONVERSION = YES;
				CLANG_WARN_NON_LITERAL_NULL_CONVERSION = YES;
				CLANG_WARN_OBJC_IMPLICIT_RETAIN_SELF = YES;
				CLANG_WARN_OBJC_LITERAL_CONVERSION = YES;
				CLANG_WARN_OBJC_ROOT_CLASS = YES_ERROR;
				CLANG_WARN_RANGE_LOOP_ANALYSIS = YES;
				CLANG_WARN_STRICT_PROTOTYPES = YES;
				CLANG_WARN_SUSPICIOUS_MOVE = YES;
				CLANG_WARN_UNGUARDED_AVAILABILITY = YES_AGGRESSIVE;
				CLANG_WARN_UNREACHABLE_CODE = YES;
				CLANG_WARN__DUPLICATE_METHOD_MATCH = YES;
				CODE_SIGN_IDENTITY = "iPhone Developer";
				COPY_PHASE_STRIP = NO;
				DEBUG_INFORMATION_FORMAT = "dwarf-with-dsym";
				ENABLE_NS_ASSERTIONS = NO;
				ENABLE_STRICT_OBJC_MSGSEND = YES;
				GCC_C_LANGUAGE_STANDARD = gnu11;
				GCC_NO_COMMON_BLOCKS = YES;
				GCC_WARN_64_TO_32_BIT_CONVERSION = YES;
				GCC_WARN_ABOUT_RETURN_TYPE = YES_ERROR;
				GCC_WARN_UNDECLARED_SELECTOR = YES;
				GCC_WARN_UNINITIALIZED_AUTOS = YES_AGGRESSIVE;
				GCC_WARN_UNUSED_FUNCTION = YES;
				GCC_WARN_UNUSED_VARIABLE = YES;
				IPHONEOS_DEPLOYMENT_TARGET = 11.3;
				MTL_ENABLE_DEBUG_INFO = NO;
				SDKROOT = iphoneos;
				SWIFT_COMPILATION_MODE = wholemodule;
				SWIFT_OPTIMIZATION_LEVEL = "-O";
				VALIDATE_PRODUCT = YES;
			};
			name = Release;
		};
		9950974C20B5822300850B7C /* Debug */ = {
			isa = XCBuildConfiguration;
			baseConfigurationReference = 9FC06F79C5293EE1427F9136 /* Pods-TestApp.debug.xcconfig */;
			buildSettings = {
				ASSETCATALOG_COMPILER_APPICON_NAME = AppIcon;
				CODE_SIGN_STYLE = Automatic;
				INFOPLIST_FILE = TestApp/Info.plist;
				LD_RUNPATH_SEARCH_PATHS = (
					"$(inherited)",
					"@executable_path/Frameworks",
				);
				PRODUCT_BUNDLE_IDENTIFIER = org.TestApp;
				PRODUCT_NAME = "$(TARGET_NAME)";
				SWIFT_VERSION = 4.0;
				TARGETED_DEVICE_FAMILY = 1;
			};
			name = Debug;
		};
		9950974D20B5822300850B7C /* Release */ = {
			isa = XCBuildConfiguration;
			baseConfigurationReference = 7939DD5101B353585CFB0898 /* Pods-TestApp.release.xcconfig */;
			buildSettings = {
				ASSETCATALOG_COMPILER_APPICON_NAME = AppIcon;
				CODE_SIGN_STYLE = Automatic;
				INFOPLIST_FILE = TestApp/Info.plist;
				LD_RUNPATH_SEARCH_PATHS = (
					"$(inherited)",
					"@executable_path/Frameworks",
				);
				PRODUCT_BUNDLE_IDENTIFIER = org.TestApp;
				PRODUCT_NAME = "$(TARGET_NAME)";
				SWIFT_VERSION = 4.0;
				TARGETED_DEVICE_FAMILY = 1;
			};
			name = Release;
		};
		9950974F20B5822300850B7C /* Debug */ = {
			isa = XCBuildConfiguration;
			buildSettings = {
				ALWAYS_EMBED_SWIFT_STANDARD_LIBRARIES = YES;
				BUNDLE_LOADER = "$(TEST_HOST)";
				CODE_SIGN_STYLE = Automatic;
				INFOPLIST_FILE = TestAppTests/Info.plist;
				LD_RUNPATH_SEARCH_PATHS = (
					"$(inherited)",
					"@executable_path/Frameworks",
					"@loader_path/Frameworks",
				);
				PRODUCT_BUNDLE_IDENTIFIER = org.TestAppTests;
				PRODUCT_NAME = "$(TARGET_NAME)";
				SWIFT_VERSION = 4.0;
				TARGETED_DEVICE_FAMILY = "1,2";
				TEST_HOST = "$(BUILT_PRODUCTS_DIR)/TestApp.app/TestApp";
			};
			name = Debug;
		};
		9950975020B5822300850B7C /* Release */ = {
			isa = XCBuildConfiguration;
			buildSettings = {
				ALWAYS_EMBED_SWIFT_STANDARD_LIBRARIES = YES;
				BUNDLE_LOADER = "$(TEST_HOST)";
				CODE_SIGN_STYLE = Automatic;
				INFOPLIST_FILE = TestAppTests/Info.plist;
				LD_RUNPATH_SEARCH_PATHS = (
					"$(inherited)",
					"@executable_path/Frameworks",
					"@loader_path/Frameworks",
				);
				PRODUCT_BUNDLE_IDENTIFIER = org.TestAppTests;
				PRODUCT_NAME = "$(TARGET_NAME)";
				SWIFT_VERSION = 4.0;
				TARGETED_DEVICE_FAMILY = "1,2";
				TEST_HOST = "$(BUILT_PRODUCTS_DIR)/TestApp.app/TestApp";
			};
			name = Release;
		};
		9950975220B5822300850B7C /* Debug */ = {
			isa = XCBuildConfiguration;
			buildSettings = {
				ALWAYS_EMBED_SWIFT_STANDARD_LIBRARIES = YES;
				CODE_SIGN_STYLE = Automatic;
				INFOPLIST_FILE = TestAppUITests/Info.plist;
				LD_RUNPATH_SEARCH_PATHS = (
					"$(inherited)",
					"@executable_path/Frameworks",
					"@loader_path/Frameworks",
				);
				PRODUCT_BUNDLE_IDENTIFIER = org.TestAppUITests;
				PRODUCT_NAME = "$(TARGET_NAME)";
				SWIFT_VERSION = 4.0;
				TARGETED_DEVICE_FAMILY = "1,2";
				TEST_TARGET_NAME = TestApp;
			};
			name = Debug;
		};
		9950975320B5822300850B7C /* Release */ = {
			isa = XCBuildConfiguration;
			buildSettings = {
				ALWAYS_EMBED_SWIFT_STANDARD_LIBRARIES = YES;
				CODE_SIGN_STYLE = Automatic;
				INFOPLIST_FILE = TestAppUITests/Info.plist;
				LD_RUNPATH_SEARCH_PATHS = (
					"$(inherited)",
					"@executable_path/Frameworks",
					"@loader_path/Frameworks",
				);
				PRODUCT_BUNDLE_IDENTIFIER = org.TestAppUITests;
				PRODUCT_NAME = "$(TARGET_NAME)";
				SWIFT_VERSION = 4.0;
				TARGETED_DEVICE_FAMILY = "1,2";
				TEST_TARGET_NAME = TestApp;
			};
			name = Release;
		};
/* End XCBuildConfiguration section */

/* Begin XCConfigurationList section */
		9950971E20B5822000850B7C /* Build configuration list for PBXProject "TestApp" */ = {
			isa = XCConfigurationList;
			buildConfigurations = (
				9950974920B5822300850B7C /* Debug */,
				9950974A20B5822300850B7C /* Release */,
			);
			defaultConfigurationIsVisible = 0;
			defaultConfigurationName = Release;
		};
		9950974B20B5822300850B7C /* Build configuration list for PBXNativeTarget "TestApp" */ = {
			isa = XCConfigurationList;
			buildConfigurations = (
				9950974C20B5822300850B7C /* Debug */,
				9950974D20B5822300850B7C /* Release */,
			);
			defaultConfigurationIsVisible = 0;
			defaultConfigurationName = Release;
		};
		9950974E20B5822300850B7C /* Build configuration list for PBXNativeTarget "TestAppTests" */ = {
			isa = XCConfigurationList;
			buildConfigurations = (
				9950974F20B5822300850B7C /* Debug */,
				9950975020B5822300850B7C /* Release */,
			);
			defaultConfigurationIsVisible = 0;
			defaultConfigurationName = Release;
		};
		9950975120B5822300850B7C /* Build configuration list for PBXNativeTarget "TestAppUITests" */ = {
			isa = XCConfigurationList;
			buildConfigurations = (
				9950975220B5822300850B7C /* Debug */,
				9950975320B5822300850B7C /* Release */,
			);
			defaultConfigurationIsVisible = 0;
			defaultConfigurationName = Release;
		};
/* End XCConfigurationList section */
	};
	rootObject = 9950971B20B5822000850B7C /* Project object */;
}
